// !$*UTF8*$!
{
	archiveVersion = 1;
	classes = {
	};
	objectVersion = 55;
	objects = {

/* Begin PBXBuildFile section */
		EC085E7B27D5DC200016F237 /* MainTabBarController.swift in Sources */ = {isa = PBXBuildFile; fileRef = EC085E7A27D5DC200016F237 /* MainTabBarController.swift */; };
		EC085E7D27D5DD710016F237 /* CategoriesViewController.swift in Sources */ = {isa = PBXBuildFile; fileRef = EC085E7C27D5DD710016F237 /* CategoriesViewController.swift */; };
		EC085E8327D5E1B80016F237 /* CocktailCollectionHeader.swift in Sources */ = {isa = PBXBuildFile; fileRef = EC085E8227D5E1B80016F237 /* CocktailCollectionHeader.swift */; };
		EC87CD4727D8795F00E42990 /* APIController.swift in Sources */ = {isa = PBXBuildFile; fileRef = EC87CD4627D8795F00E42990 /* APIController.swift */; };
		EC87CD4B27D88D5B00E42990 /* Cocktail.swift in Sources */ = {isa = PBXBuildFile; fileRef = EC87CD4A27D88D5B00E42990 /* Cocktail.swift */; };
		EC87CD4D27D8911700E42990 /* CocktailViewModel.swift in Sources */ = {isa = PBXBuildFile; fileRef = EC87CD4C27D8911700E42990 /* CocktailViewModel.swift */; };
		EC9CA70927F170700037E338 /* Kingfisher in Frameworks */ = {isa = PBXBuildFile; productRef = EC9CA70827F170700037E338 /* Kingfisher */; };
		EC9CA70B27F1749C0037E338 /* CocktailDetailsViewController.swift in Sources */ = {isa = PBXBuildFile; fileRef = EC9CA70A27F1749C0037E338 /* CocktailDetailsViewController.swift */; };
		ECB457B327D48A3D00655DB1 /* AppDelegate.swift in Sources */ = {isa = PBXBuildFile; fileRef = ECB457B227D48A3D00655DB1 /* AppDelegate.swift */; };
		ECB457B727D48A3D00655DB1 /* HomeViewController.swift in Sources */ = {isa = PBXBuildFile; fileRef = ECB457B627D48A3D00655DB1 /* HomeViewController.swift */; };
		ECB457BD27D48A3D00655DB1 /* CoctailRecipeApp.xcdatamodeld in Sources */ = {isa = PBXBuildFile; fileRef = ECB457BB27D48A3D00655DB1 /* CoctailRecipeApp.xcdatamodeld */; };
		ECB457BF27D48A4000655DB1 /* Assets.xcassets in Resources */ = {isa = PBXBuildFile; fileRef = ECB457BE27D48A4000655DB1 /* Assets.xcassets */; };
		ECB457C227D48A4000655DB1 /* LaunchScreen.storyboard in Resources */ = {isa = PBXBuildFile; fileRef = ECB457C027D48A4000655DB1 /* LaunchScreen.storyboard */; };
		ECB457CA27D4968300655DB1 /* CocktailCollectionViewCell.swift in Sources */ = {isa = PBXBuildFile; fileRef = ECB457C927D4968300655DB1 /* CocktailCollectionViewCell.swift */; };
		ECB457CC27D497DB00655DB1 /* Extension.swift in Sources */ = {isa = PBXBuildFile; fileRef = ECB457CB27D497DB00655DB1 /* Extension.swift */; };
/* End PBXBuildFile section */

/* Begin PBXFileReference section */
		EC085E7A27D5DC200016F237 /* MainTabBarController.swift */ = {isa = PBXFileReference; lastKnownFileType = sourcecode.swift; path = MainTabBarController.swift; sourceTree = "<group>"; };
		EC085E7C27D5DD710016F237 /* CategoriesViewController.swift */ = {isa = PBXFileReference; lastKnownFileType = sourcecode.swift; path = CategoriesViewController.swift; sourceTree = "<group>"; };
		EC085E8227D5E1B80016F237 /* CocktailCollectionHeader.swift */ = {isa = PBXFileReference; lastKnownFileType = sourcecode.swift; path = CocktailCollectionHeader.swift; sourceTree = "<group>"; };
		EC87CD4627D8795F00E42990 /* APIController.swift */ = {isa = PBXFileReference; lastKnownFileType = sourcecode.swift; path = APIController.swift; sourceTree = "<group>"; };
		EC87CD4A27D88D5B00E42990 /* Cocktail.swift */ = {isa = PBXFileReference; lastKnownFileType = sourcecode.swift; path = Cocktail.swift; sourceTree = "<group>"; };
		EC87CD4C27D8911700E42990 /* CocktailViewModel.swift */ = {isa = PBXFileReference; lastKnownFileType = sourcecode.swift; path = CocktailViewModel.swift; sourceTree = "<group>"; };
		EC9CA70A27F1749C0037E338 /* CocktailDetailsViewController.swift */ = {isa = PBXFileReference; lastKnownFileType = sourcecode.swift; path = CocktailDetailsViewController.swift; sourceTree = "<group>"; };
		ECB457AF27D48A3D00655DB1 /* CoctailRecipeApp.app */ = {isa = PBXFileReference; explicitFileType = wrapper.application; includeInIndex = 0; path = CoctailRecipeApp.app; sourceTree = BUILT_PRODUCTS_DIR; };
		ECB457B227D48A3D00655DB1 /* AppDelegate.swift */ = {isa = PBXFileReference; lastKnownFileType = sourcecode.swift; path = AppDelegate.swift; sourceTree = "<group>"; };
		ECB457B627D48A3D00655DB1 /* HomeViewController.swift */ = {isa = PBXFileReference; lastKnownFileType = sourcecode.swift; path = HomeViewController.swift; sourceTree = "<group>"; };
		ECB457BC27D48A3D00655DB1 /* CoctailRecipeApp.xcdatamodel */ = {isa = PBXFileReference; lastKnownFileType = wrapper.xcdatamodel; path = CoctailRecipeApp.xcdatamodel; sourceTree = "<group>"; };
		ECB457BE27D48A4000655DB1 /* Assets.xcassets */ = {isa = PBXFileReference; lastKnownFileType = folder.assetcatalog; path = Assets.xcassets; sourceTree = "<group>"; };
		ECB457C127D48A4000655DB1 /* Base */ = {isa = PBXFileReference; lastKnownFileType = file.storyboard; name = Base; path = Base.lproj/LaunchScreen.storyboard; sourceTree = "<group>"; };
		ECB457C327D48A4000655DB1 /* Info.plist */ = {isa = PBXFileReference; lastKnownFileType = text.plist.xml; path = Info.plist; sourceTree = "<group>"; };
		ECB457C927D4968300655DB1 /* CocktailCollectionViewCell.swift */ = {isa = PBXFileReference; lastKnownFileType = sourcecode.swift; path = CocktailCollectionViewCell.swift; sourceTree = "<group>"; };
		ECB457CB27D497DB00655DB1 /* Extension.swift */ = {isa = PBXFileReference; lastKnownFileType = sourcecode.swift; path = Extension.swift; sourceTree = "<group>"; };
/* End PBXFileReference section */

/* Begin PBXFrameworksBuildPhase section */
		ECB457AC27D48A3D00655DB1 /* Frameworks */ = {
			isa = PBXFrameworksBuildPhase;
			buildActionMask = 2147483647;
			files = (
				EC9CA70927F170700037E338 /* Kingfisher in Frameworks */,
			);
			runOnlyForDeploymentPostprocessing = 0;
		};
/* End PBXFrameworksBuildPhase section */

/* Begin PBXGroup section */
		EC085E7F27D5DEF20016F237 /* Controller */ = {
			isa = PBXGroup;
			children = (
				EC085E7A27D5DC200016F237 /* MainTabBarController.swift */,
				ECB457B627D48A3D00655DB1 /* HomeViewController.swift */,
				EC085E7C27D5DD710016F237 /* CategoriesViewController.swift */,
				EC9CA70A27F1749C0037E338 /* CocktailDetailsViewController.swift */,
			);
			path = Controller;
			sourceTree = "<group>";
		};
		EC085E8027D5DEFA0016F237 /* View */ = {
			isa = PBXGroup;
			children = (
				ECB457C927D4968300655DB1 /* CocktailCollectionViewCell.swift */,
				EC085E8227D5E1B80016F237 /* CocktailCollectionHeader.swift */,
			);
			path = View;
			sourceTree = "<group>";
		};
		EC085E8127D5DF0A0016F237 /* Utils */ = {
			isa = PBXGroup;
			children = (
				ECB457CB27D497DB00655DB1 /* Extension.swift */,
			);
			path = Utils;
			sourceTree = "<group>";
		};
		EC87CD4527D8795000E42990 /* API */ = {
			isa = PBXGroup;
			children = (
				EC87CD4627D8795F00E42990 /* APIController.swift */,
			);
			path = API;
			sourceTree = "<group>";
		};
		EC87CD4827D88D4200E42990 /* Model */ = {
			isa = PBXGroup;
			children = (
				EC87CD4A27D88D5B00E42990 /* Cocktail.swift */,
			);
			path = Model;
			sourceTree = "<group>";
		};
		EC87CD4927D88D4800E42990 /* ViewModel */ = {
			isa = PBXGroup;
			children = (
				EC87CD4C27D8911700E42990 /* CocktailViewModel.swift */,
			);
			path = ViewModel;
			sourceTree = "<group>";
		};
		ECB457A627D48A3D00655DB1 = {
			isa = PBXGroup;
			children = (
				ECB457B127D48A3D00655DB1 /* CoctailRecipeApp */,
				ECB457B227D48A3D00655DB1 /* AppDelegate.swift */,
				ECB457B027D48A3D00655DB1 /* Products */,
			);
			sourceTree = "<group>";
		};
		ECB457B027D48A3D00655DB1 /* Products */ = {
			isa = PBXGroup;
			children = (
				ECB457AF27D48A3D00655DB1 /* CoctailRecipeApp.app */,
			);
			name = Products;
			sourceTree = "<group>";
		};
		ECB457B127D48A3D00655DB1 /* CoctailRecipeApp */ = {
			isa = PBXGroup;
			children = (
				EC87CD4927D88D4800E42990 /* ViewModel */,
				EC87CD4827D88D4200E42990 /* Model */,
				EC87CD4527D8795000E42990 /* API */,
				EC085E7F27D5DEF20016F237 /* Controller */,
				EC085E8027D5DEFA0016F237 /* View */,
				EC085E8127D5DF0A0016F237 /* Utils */,
				ECB457BE27D48A4000655DB1 /* Assets.xcassets */,
				ECB457C027D48A4000655DB1 /* LaunchScreen.storyboard */,
				ECB457C327D48A4000655DB1 /* Info.plist */,
				ECB457BB27D48A3D00655DB1 /* CoctailRecipeApp.xcdatamodeld */,
			);
			path = CoctailRecipeApp;
			sourceTree = "<group>";
		};
/* End PBXGroup section */

/* Begin PBXNativeTarget section */
		ECB457AE27D48A3D00655DB1 /* CoctailRecipeApp */ = {
			isa = PBXNativeTarget;
			buildConfigurationList = ECB457C627D48A4000655DB1 /* Build configuration list for PBXNativeTarget "CoctailRecipeApp" */;
			buildPhases = (
				ECB457AB27D48A3D00655DB1 /* Sources */,
				ECB457AC27D48A3D00655DB1 /* Frameworks */,
				ECB457AD27D48A3D00655DB1 /* Resources */,
			);
			buildRules = (
			);
			dependencies = (
			);
			name = CoctailRecipeApp;
			packageProductDependencies = (
				EC9CA70827F170700037E338 /* Kingfisher */,
			);
			productName = CoctailRecipeApp;
			productReference = ECB457AF27D48A3D00655DB1 /* CoctailRecipeApp.app */;
			productType = "com.apple.product-type.application";
		};
/* End PBXNativeTarget section */

/* Begin PBXProject section */
		ECB457A727D48A3D00655DB1 /* Project object */ = {
			isa = PBXProject;
			attributes = {
				BuildIndependentTargetsInParallel = 1;
				LastSwiftUpdateCheck = 1320;
				LastUpgradeCheck = 1320;
				TargetAttributes = {
					ECB457AE27D48A3D00655DB1 = {
						CreatedOnToolsVersion = 13.2.1;
					};
				};
			};
			buildConfigurationList = ECB457AA27D48A3D00655DB1 /* Build configuration list for PBXProject "CoctailRecipeApp" */;
			compatibilityVersion = "Xcode 13.0";
			developmentRegion = en;
			hasScannedForEncodings = 0;
			knownRegions = (
				en,
				Base,
			);
			mainGroup = ECB457A627D48A3D00655DB1;
			packageReferences = (
				EC9CA70727F170700037E338 /* XCRemoteSwiftPackageReference "Kingfisher" */,
			);
			productRefGroup = ECB457B027D48A3D00655DB1 /* Products */;
			projectDirPath = "";
			projectRoot = "";
			targets = (
				ECB457AE27D48A3D00655DB1 /* CoctailRecipeApp */,
			);
		};
/* End PBXProject section */

/* Begin PBXResourcesBuildPhase section */
		ECB457AD27D48A3D00655DB1 /* Resources */ = {
			isa = PBXResourcesBuildPhase;
			buildActionMask = 2147483647;
			files = (
				ECB457C227D48A4000655DB1 /* LaunchScreen.storyboard in Resources */,
				ECB457BF27D48A4000655DB1 /* Assets.xcassets in Resources */,
			);
			runOnlyForDeploymentPostprocessing = 0;
		};
/* End PBXResourcesBuildPhase section */

/* Begin PBXSourcesBuildPhase section */
		ECB457AB27D48A3D00655DB1 /* Sources */ = {
			isa = PBXSourcesBuildPhase;
			buildActionMask = 2147483647;
			files = (
				EC085E8327D5E1B80016F237 /* CocktailCollectionHeader.swift in Sources */,
				EC87CD4D27D8911700E42990 /* CocktailViewModel.swift in Sources */,
				ECB457CC27D497DB00655DB1 /* Extension.swift in Sources */,
				ECB457CA27D4968300655DB1 /* CocktailCollectionViewCell.swift in Sources */,
				EC87CD4B27D88D5B00E42990 /* Cocktail.swift in Sources */,
				EC085E7B27D5DC200016F237 /* MainTabBarController.swift in Sources */,
				ECB457B727D48A3D00655DB1 /* HomeViewController.swift in Sources */,
				ECB457BD27D48A3D00655DB1 /* CoctailRecipeApp.xcdatamodeld in Sources */,
				EC085E7D27D5DD710016F237 /* CategoriesViewController.swift in Sources */,
				EC9CA70B27F1749C0037E338 /* CocktailDetailsViewController.swift in Sources */,
				ECB457B327D48A3D00655DB1 /* AppDelegate.swift in Sources */,
				EC87CD4727D8795F00E42990 /* APIController.swift in Sources */,
			);
			runOnlyForDeploymentPostprocessing = 0;
		};
/* End PBXSourcesBuildPhase section */

/* Begin PBXVariantGroup section */
		ECB457C027D48A4000655DB1 /* LaunchScreen.storyboard */ = {
			isa = PBXVariantGroup;
			children = (
				ECB457C127D48A4000655DB1 /* Base */,
			);
			name = LaunchScreen.storyboard;
			sourceTree = "<group>";
		};
/* End PBXVariantGroup section */

/* Begin XCBuildConfiguration section */
		ECB457C427D48A4000655DB1 /* Debug */ = {
			isa = XCBuildConfiguration;
			buildSettings = {
				ALWAYS_SEARCH_USER_PATHS = NO;
				CLANG_ANALYZER_NONNULL = YES;
				CLANG_ANALYZER_NUMBER_OBJECT_CONVERSION = YES_AGGRESSIVE;
				CLANG_CXX_LANGUAGE_STANDARD = "gnu++17";
				CLANG_CXX_LIBRARY = "libc++";
				CLANG_ENABLE_MODULES = YES;
				CLANG_ENABLE_OBJC_ARC = YES;
				CLANG_ENABLE_OBJC_WEAK = YES;
				CLANG_WARN_BLOCK_CAPTURE_AUTORELEASING = YES;
				CLANG_WARN_BOOL_CONVERSION = YES;
				CLANG_WARN_COMMA = YES;
				CLANG_WARN_CONSTANT_CONVERSION = YES;
				CLANG_WARN_DEPRECATED_OBJC_IMPLEMENTATIONS = YES;
				CLANG_WARN_DIRECT_OBJC_ISA_USAGE = YES_ERROR;
				CLANG_WARN_DOCUMENTATION_COMMENTS = YES;
				CLANG_WARN_EMPTY_BODY = YES;
				CLANG_WARN_ENUM_CONVERSION = YES;
				CLANG_WARN_INFINITE_RECURSION = YES;
				CLANG_WARN_INT_CONVERSION = YES;
				CLANG_WARN_NON_LITERAL_NULL_CONVERSION = YES;
				CLANG_WARN_OBJC_IMPLICIT_RETAIN_SELF = YES;
				CLANG_WARN_OBJC_LITERAL_CONVERSION = YES;
				CLANG_WARN_OBJC_ROOT_CLASS = YES_ERROR;
				CLANG_WARN_QUOTED_INCLUDE_IN_FRAMEWORK_HEADER = YES;
				CLANG_WARN_RANGE_LOOP_ANALYSIS = YES;
				CLANG_WARN_STRICT_PROTOTYPES = YES;
				CLANG_WARN_SUSPICIOUS_MOVE = YES;
				CLANG_WARN_UNGUARDED_AVAILABILITY = YES_AGGRESSIVE;
				CLANG_WARN_UNREACHABLE_CODE = YES;
				CLANG_WARN__DUPLICATE_METHOD_MATCH = YES;
				COPY_PHASE_STRIP = NO;
				DEBUG_INFORMATION_FORMAT = dwarf;
				ENABLE_STRICT_OBJC_MSGSEND = YES;
				ENABLE_TESTABILITY = YES;
				GCC_C_LANGUAGE_STANDARD = gnu11;
				GCC_DYNAMIC_NO_PIC = NO;
				GCC_NO_COMMON_BLOCKS = YES;
				GCC_OPTIMIZATION_LEVEL = 0;
				GCC_PREPROCESSOR_DEFINITIONS = (
					"DEBUG=1",
					"$(inherited)",
				);
				GCC_WARN_64_TO_32_BIT_CONVERSION = YES;
				GCC_WARN_ABOUT_RETURN_TYPE = YES_ERROR;
				GCC_WARN_UNDECLARED_SELECTOR = YES;
				GCC_WARN_UNINITIALIZED_AUTOS = YES_AGGRESSIVE;
				GCC_WARN_UNUSED_FUNCTION = YES;
				GCC_WARN_UNUSED_VARIABLE = YES;
				IPHONEOS_DEPLOYMENT_TARGET = 15.2;
				MTL_ENABLE_DEBUG_INFO = INCLUDE_SOURCE;
				MTL_FAST_MATH = YES;
				ONLY_ACTIVE_ARCH = YES;
				SDKROOT = iphoneos;
				SWIFT_ACTIVE_COMPILATION_CONDITIONS = DEBUG;
				SWIFT_OPTIMIZATION_LEVEL = "-Onone";
			};
			name = Debug;
		};
		ECB457C527D48A4000655DB1 /* Release */ = {
			isa = XCBuildConfiguration;
			buildSettings = {
				ALWAYS_SEARCH_USER_PATHS = NO;
				CLANG_ANALYZER_NONNULL = YES;
				CLANG_ANALYZER_NUMBER_OBJECT_CONVERSION = YES_AGGRESSIVE;
				CLANG_CXX_LANGUAGE_STANDARD = "gnu++17";
				CLANG_CXX_LIBRARY = "libc++";
				CLANG_ENABLE_MODULES = YES;
				CLANG_ENABLE_OBJC_ARC = YES;
				CLANG_ENABLE_OBJC_WEAK = YES;
				CLANG_WARN_BLOCK_CAPTURE_AUTORELEASING = YES;
				CLANG_WARN_BOOL_CONVERSION = YES;
				CLANG_WARN_COMMA = YES;
				CLANG_WARN_CONSTANT_CONVERSION = YES;
				CLANG_WARN_DEPRECATED_OBJC_IMPLEMENTATIONS = YES;
				CLANG_WARN_DIRECT_OBJC_ISA_USAGE = YES_ERROR;
				CLANG_WARN_DOCUMENTATION_COMMENTS = YES;
				CLANG_WARN_EMPTY_BODY = YES;
				CLANG_WARN_ENUM_CONVERSION = YES;
				CLANG_WARN_INFINITE_RECURSION = YES;
				CLANG_WARN_INT_CONVERSION = YES;
				CLANG_WARN_NON_LITERAL_NULL_CONVERSION = YES;
				CLANG_WARN_OBJC_IMPLICIT_RETAIN_SELF = YES;
				CLANG_WARN_OBJC_LITERAL_CONVERSION = YES;
				CLANG_WARN_OBJC_ROOT_CLASS = YES_ERROR;
				CLANG_WARN_QUOTED_INCLUDE_IN_FRAMEWORK_HEADER = YES;
				CLANG_WARN_RANGE_LOOP_ANALYSIS = YES;
				CLANG_WARN_STRICT_PROTOTYPES = YES;
				CLANG_WARN_SUSPICIOUS_MOVE = YES;
				CLANG_WARN_UNGUARDED_AVAILABILITY = YES_AGGRESSIVE;
				CLANG_WARN_UNREACHABLE_CODE = YES;
				CLANG_WARN__DUPLICATE_METHOD_MATCH = YES;
				COPY_PHASE_STRIP = NO;
				DEBUG_INFORMATION_FORMAT = "dwarf-with-dsym";
				ENABLE_NS_ASSERTIONS = NO;
				ENABLE_STRICT_OBJC_MSGSEND = YES;
				GCC_C_LANGUAGE_STANDARD = gnu11;
				GCC_NO_COMMON_BLOCKS = YES;
				GCC_WARN_64_TO_32_BIT_CONVERSION = YES;
				GCC_WARN_ABOUT_RETURN_TYPE = YES_ERROR;
				GCC_WARN_UNDECLARED_SELECTOR = YES;
				GCC_WARN_UNINITIALIZED_AUTOS = YES_AGGRESSIVE;
				GCC_WARN_UNUSED_FUNCTION = YES;
				GCC_WARN_UNUSED_VARIABLE = YES;
				IPHONEOS_DEPLOYMENT_TARGET = 15.2;
				MTL_ENABLE_DEBUG_INFO = NO;
				MTL_FAST_MATH = YES;
				SDKROOT = iphoneos;
				SWIFT_COMPILATION_MODE = wholemodule;
				SWIFT_OPTIMIZATION_LEVEL = "-O";
				VALIDATE_PRODUCT = YES;
			};
			name = Release;
		};
		ECB457C727D48A4000655DB1 /* Debug */ = {
			isa = XCBuildConfiguration;
			buildSettings = {
				ASSETCATALOG_COMPILER_APPICON_NAME = AppIcon;
				ASSETCATALOG_COMPILER_GLOBAL_ACCENT_COLOR_NAME = AccentColor;
				CODE_SIGN_STYLE = Automatic;
				CURRENT_PROJECT_VERSION = 1;
				DEVELOPMENT_TEAM = G3P4L7GVWA;
				GENERATE_INFOPLIST_FILE = YES;
				INFOPLIST_FILE = CoctailRecipeApp/Info.plist;
				INFOPLIST_KEY_UIApplicationSupportsIndirectInputEvents = YES;
				INFOPLIST_KEY_UILaunchStoryboardName = LaunchScreen;
				INFOPLIST_KEY_UISupportedInterfaceOrientations = UIInterfaceOrientationPortrait;
				INFOPLIST_KEY_UISupportedInterfaceOrientations_iPad = "UIInterfaceOrientationPortrait UIInterfaceOrientationPortraitUpsideDown UIInterfaceOrientationLandscapeLeft UIInterfaceOrientationLandscapeRight";
				INFOPLIST_KEY_UISupportedInterfaceOrientations_iPhone = "UIInterfaceOrientationPortrait UIInterfaceOrientationLandscapeLeft UIInterfaceOrientationLandscapeRight";
				IPHONEOS_DEPLOYMENT_TARGET = 14.0;
				LD_RUNPATH_SEARCH_PATHS = (
					"$(inherited)",
					"@executable_path/Frameworks",
				);
				MARKETING_VERSION = 1.0;
				PRODUCT_BUNDLE_IDENTIFIER = com.myiosapps.CoctailRecipeApp;
				PRODUCT_NAME = "$(TARGET_NAME)";
				SWIFT_EMIT_LOC_STRINGS = YES;
				SWIFT_VERSION = 5.0;
				TARGETED_DEVICE_FAMILY = "1,2";
			};
			name = Debug;
		};
		ECB457C827D48A4000655DB1 /* Release */ = {
			isa = XCBuildConfiguration;
			buildSettings = {
				ASSETCATALOG_COMPILER_APPICON_NAME = AppIcon;
				ASSETCATALOG_COMPILER_GLOBAL_ACCENT_COLOR_NAME = AccentColor;
				CODE_SIGN_STYLE = Automatic;
				CURRENT_PROJECT_VERSION = 1;
				DEVELOPMENT_TEAM = G3P4L7GVWA;
				GENERATE_INFOPLIST_FILE = YES;
				INFOPLIST_FILE = CoctailRecipeApp/Info.plist;
				INFOPLIST_KEY_UIApplicationSupportsIndirectInputEvents = YES;
				INFOPLIST_KEY_UILaunchStoryboardName = LaunchScreen;
				INFOPLIST_KEY_UISupportedInterfaceOrientations = UIInterfaceOrientationPortrait;
				INFOPLIST_KEY_UISupportedInterfaceOrientations_iPad = "UIInterfaceOrientationPortrait UIInterfaceOrientationPortraitUpsideDown UIInterfaceOrientationLandscapeLeft UIInterfaceOrientationLandscapeRight";
				INFOPLIST_KEY_UISupportedInterfaceOrientations_iPhone = "UIInterfaceOrientationPortrait UIInterfaceOrientationLandscapeLeft UIInterfaceOrientationLandscapeRight";
				IPHONEOS_DEPLOYMENT_TARGET = 14.0;
				LD_RUNPATH_SEARCH_PATHS = (
					"$(inherited)",
					"@executable_path/Frameworks",
				);
				MARKETING_VERSION = 1.0;
				PRODUCT_BUNDLE_IDENTIFIER = com.myiosapps.CoctailRecipeApp;
				PRODUCT_NAME = "$(TARGET_NAME)";
				SWIFT_EMIT_LOC_STRINGS = YES;
				SWIFT_VERSION = 5.0;
				TARGETED_DEVICE_FAMILY = "1,2";
			};
			name = Release;
		};
/* End XCBuildConfiguration section */

/* Begin XCConfigurationList section */
		ECB457AA27D48A3D00655DB1 /* Build configuration list for PBXProject "CoctailRecipeApp" */ = {
			isa = XCConfigurationList;
			buildConfigurations = (
				ECB457C427D48A4000655DB1 /* Debug */,
				ECB457C527D48A4000655DB1 /* Release */,
			);
			defaultConfigurationIsVisible = 0;
			defaultConfigurationName = Release;
		};
		ECB457C627D48A4000655DB1 /* Build configuration list for PBXNativeTarget "CoctailRecipeApp" */ = {
			isa = XCConfigurationList;
			buildConfigurations = (
				ECB457C727D48A4000655DB1 /* Debug */,
				ECB457C827D48A4000655DB1 /* Release */,
			);
			defaultConfigurationIsVisible = 0;
			defaultConfigurationName = Release;
		};
/* End XCConfigurationList section */

/* Begin XCRemoteSwiftPackageReference section */
		EC9CA70727F170700037E338 /* XCRemoteSwiftPackageReference "Kingfisher" */ = {
			isa = XCRemoteSwiftPackageReference;
			repositoryURL = "https://github.com/onevcat/Kingfisher";
			requirement = {
				kind = upToNextMajorVersion;
				minimumVersion = 7.0.0;
			};
		};
/* End XCRemoteSwiftPackageReference section */

/* Begin XCSwiftPackageProductDependency section */
		EC9CA70827F170700037E338 /* Kingfisher */ = {
			isa = XCSwiftPackageProductDependency;
			package = EC9CA70727F170700037E338 /* XCRemoteSwiftPackageReference "Kingfisher" */;
			productName = Kingfisher;
		};
/* End XCSwiftPackageProductDependency section */

/* Begin XCVersionGroup section */
		ECB457BB27D48A3D00655DB1 /* CoctailRecipeApp.xcdatamodeld */ = {
			isa = XCVersionGroup;
			children = (
				ECB457BC27D48A3D00655DB1 /* CoctailRecipeApp.xcdatamodel */,
			);
			currentVersion = ECB457BC27D48A3D00655DB1 /* CoctailRecipeApp.xcdatamodel */;
			path = CoctailRecipeApp.xcdatamodeld;
			sourceTree = "<group>";
			versionGroupType = wrapper.xcdatamodel;
		};
/* End XCVersionGroup section */
	};
	rootObject = ECB457A727D48A3D00655DB1 /* Project object */;
}
